
Microsoft Visual Studio Solution File, Format Version 12.00
# Visual Studio 14
VisualStudioVersion = 14.0.25420.1
MinimumVisualStudioVersion = 10.0.40219.1
Project("{FAE04EC0-301F-11D3-BF4B-00C04F79EFBC}") = "GL_TEST.Serializator", "GL_TEST\GL_TEST.Serializator.csproj", "{ED28627C-65A6-421F-8A8B-5B7F980D4A93}"
EndProject
Project("{FAE04EC0-301F-11D3-BF4B-00C04F79EFBC}") = "GL_TEST.Deserializator", "GL_TEST.Deserializator\GL_TEST.Deserializator.csproj", "{1CC54760-8EFB-4750-AF62-ED2C053DB0F1}"
EndProject
Project("{FAE04EC0-301F-11D3-BF4B-00C04F79EFBC}") = "Bl", "Bll\Bl.csproj", "{9B1847CA-29A7-40AC-968B-78632ABDFA0E}"
EndProject
Global
	GlobalSection(SolutionConfigurationPlatforms) = preSolution
		Debug|Any CPU = Debug|Any CPU
		Release|Any CPU = Release|Any CPU
	EndGlobalSection
	GlobalSection(ProjectConfigurationPlatforms) = postSolution
		{ED28627C-65A6-421F-8A8B-5B7F980D4A93}.Debug|Any CPU.ActiveCfg = Debug|Any CPU
		{ED28627C-65A6-421F-8A8B-5B7F980D4A93}.Debug|Any CPU.Build.0 = Debug|Any CPU
		{ED28627C-65A6-421F-8A8B-5B7F980D4A93}.Release|Any CPU.ActiveCfg = Release|Any CPU
		{ED28627C-65A6-421F-8A8B-5B7F980D4A93}.Release|Any CPU.Build.0 = Release|Any CPU
		{1CC54760-8EFB-4750-AF62-ED2C053DB0F1}.Debug|Any CPU.ActiveCfg = Debug|Any CPU
		{1CC54760-8EFB-4750-AF62-ED2C053DB0F1}.Debug|Any CPU.Build.0 = Debug|Any CPU
		{1CC54760-8EFB-4750-AF62-ED2C053DB0F1}.Release|Any CPU.ActiveCfg = Release|Any CPU
		{1CC54760-8EFB-4750-AF62-ED2C053DB0F1}.Release|Any CPU.Build.0 = Release|Any CPU
		{9B1847CA-29A7-40AC-968B-78632ABDFA0E}.Debug|Any CPU.ActiveCfg = Debug|Any CPU
		{9B1847CA-29A7-40AC-968B-78632ABDFA0E}.Debug|Any CPU.Build.0 = Debug|Any CPU
		{9B1847CA-29A7-40AC-968B-78632ABDFA0E}.Release|Any CPU.ActiveCfg = Release|Any CPU
		{9B1847CA-29A7-40AC-968B-78632ABDFA0E}.Release|Any CPU.Build.0 = Release|Any CPU
	EndGlobalSection
	GlobalSection(SolutionProperties) = preSolution
		HideSolutionNode = FALSE
	EndGlobalSection
EndGlobal
